
Microsoft Visual Studio Solution File, Format Version 12.00
# Visual Studio Version 17
VisualStudioVersion = 17.9.34616.47
MinimumVisualStudioVersion = 10.0.40219.1
Project("{FAE04EC0-301F-11D3-BF4B-00C04F79EFBC}") = "Hangman", "Hangman.csproj", "{7B70ADB8-70C7-43BE-BB1F-62D0ABABA451}"
EndProject
Global
	GlobalSection(SolutionConfigurationPlatforms) = preSolution
		Debug|Any CPU = Debug|Any CPU
		Release|Any CPU = Release|Any CPU
	EndGlobalSection
	GlobalSection(ProjectConfigurationPlatforms) = postSolution
		{7B70ADB8-70C7-43BE-BB1F-62D0ABABA451}.Debug|Any CPU.ActiveCfg = Debug|Any CPU
		{7B70ADB8-70C7-43BE-BB1F-62D0ABABA451}.Debug|Any CPU.Build.0 = Debug|Any CPU
		{7B70ADB8-70C7-43BE-BB1F-62D0ABABA451}.Release|Any CPU.ActiveCfg = Release|Any CPU
		{7B70ADB8-70C7-43BE-BB1F-62D0ABABA451}.Release|Any CPU.Build.0 = Release|Any CPU
	EndGlobalSection
	GlobalSection(SolutionProperties) = preSolution
		HideSolutionNode = FALSE
	EndGlobalSection
	GlobalSection(ExtensibilityGlobals) = postSolution
		SolutionGuid = {82B9A7D8-95ED-4DB3-BAB7-69D1BC3C3CB1}
	EndGlobalSection
EndGlobal
